// !$*UTF8*$!
{
	archiveVersion = 1;
	classes = {
	};
	objectVersion = 50;
	objects = {

/* Begin PBXBuildFile section */
		8113C9BC26DE284300FB004A /* background.jpg in Resources */ = {isa = PBXBuildFile; fileRef = 8113C9BB26DE284300FB004A /* background.jpg */; };
		816A177D26DE43B1002302B6 /* README.md in Resources */ = {isa = PBXBuildFile; fileRef = 816A177C26DE43B1002302B6 /* README.md */; };
		816A178226DE456E002302B6 /* screen1.png in Resources */ = {isa = PBXBuildFile; fileRef = 816A177F26DE456D002302B6 /* screen1.png */; };
		816A178326DE456E002302B6 /* screen2.png in Resources */ = {isa = PBXBuildFile; fileRef = 816A178026DE456D002302B6 /* screen2.png */; };
		816A178426DE456E002302B6 /* vid1.gif in Resources */ = {isa = PBXBuildFile; fileRef = 816A178126DE456E002302B6 /* vid1.gif */; };
		81ABA39C26CE714D0016EC1D /* AppDelegate.swift in Sources */ = {isa = PBXBuildFile; fileRef = 81ABA39B26CE714D0016EC1D /* AppDelegate.swift */; };
		81ABA39E26CE714D0016EC1D /* SceneDelegate.swift in Sources */ = {isa = PBXBuildFile; fileRef = 81ABA39D26CE714D0016EC1D /* SceneDelegate.swift */; };
		81ABA3A026CE714D0016EC1D /* ViewController.swift in Sources */ = {isa = PBXBuildFile; fileRef = 81ABA39F26CE714D0016EC1D /* ViewController.swift */; };
		81ABA3A326CE714D0016EC1D /* Main.storyboard in Resources */ = {isa = PBXBuildFile; fileRef = 81ABA3A126CE714D0016EC1D /* Main.storyboard */; };
		81ABA3A526CE71500016EC1D /* Assets.xcassets in Resources */ = {isa = PBXBuildFile; fileRef = 81ABA3A426CE71500016EC1D /* Assets.xcassets */; };
		81ABA3A826CE71500016EC1D /* LaunchScreen.storyboard in Resources */ = {isa = PBXBuildFile; fileRef = 81ABA3A626CE71500016EC1D /* LaunchScreen.storyboard */; };
		81ABA3B026CE71FC0016EC1D /* VideoHelper.swift in Sources */ = {isa = PBXBuildFile; fileRef = 81ABA3AF26CE71FC0016EC1D /* VideoHelper.swift */; };
/* End PBXBuildFile section */

/* Begin PBXFileReference section */
		8113C9BB26DE284300FB004A /* background.jpg */ = {isa = PBXFileReference; lastKnownFileType = image.jpeg; path = background.jpg; sourceTree = "<group>"; };
		816A177C26DE43B1002302B6 /* README.md */ = {isa = PBXFileReference; lastKnownFileType = net.daringfireball.markdown; path = README.md; sourceTree = "<group>"; };
		816A177F26DE456D002302B6 /* screen1.png */ = {isa = PBXFileReference; lastKnownFileType = image.png; path = screen1.png; sourceTree = "<group>"; };
		816A178026DE456D002302B6 /* screen2.png */ = {isa = PBXFileReference; lastKnownFileType = image.png; path = screen2.png; sourceTree = "<group>"; };
		816A178126DE456E002302B6 /* vid1.gif */ = {isa = PBXFileReference; lastKnownFileType = image.gif; path = vid1.gif; sourceTree = "<group>"; };
		81ABA39826CE714D0016EC1D /* vidstretcher.app */ = {isa = PBXFileReference; explicitFileType = wrapper.application; includeInIndex = 0; path = vidstretcher.app; sourceTree = BUILT_PRODUCTS_DIR; };
		81ABA39B26CE714D0016EC1D /* AppDelegate.swift */ = {isa = PBXFileReference; lastKnownFileType = sourcecode.swift; path = AppDelegate.swift; sourceTree = "<group>"; };
		81ABA39D26CE714D0016EC1D /* SceneDelegate.swift */ = {isa = PBXFileReference; lastKnownFileType = sourcecode.swift; path = SceneDelegate.swift; sourceTree = "<group>"; };
		81ABA39F26CE714D0016EC1D /* ViewController.swift */ = {isa = PBXFileReference; lastKnownFileType = sourcecode.swift; path = ViewController.swift; sourceTree = "<group>"; };
		81ABA3A226CE714D0016EC1D /* Base */ = {isa = PBXFileReference; lastKnownFileType = file.storyboard; name = Base; path = Base.lproj/Main.storyboard; sourceTree = "<group>"; };
		81ABA3A426CE71500016EC1D /* Assets.xcassets */ = {isa = PBXFileReference; lastKnownFileType = folder.assetcatalog; path = Assets.xcassets; sourceTree = "<group>"; };
		81ABA3A726CE71500016EC1D /* Base */ = {isa = PBXFileReference; lastKnownFileType = file.storyboard; name = Base; path = Base.lproj/LaunchScreen.storyboard; sourceTree = "<group>"; };
		81ABA3A926CE71500016EC1D /* Info.plist */ = {isa = PBXFileReference; lastKnownFileType = text.plist.xml; path = Info.plist; sourceTree = "<group>"; };
		81ABA3AF26CE71FC0016EC1D /* VideoHelper.swift */ = {isa = PBXFileReference; lastKnownFileType = sourcecode.swift; path = VideoHelper.swift; sourceTree = "<group>"; };
/* End PBXFileReference section */

/* Begin PBXFrameworksBuildPhase section */
		81ABA39526CE714D0016EC1D /* Frameworks */ = {
			isa = PBXFrameworksBuildPhase;
			buildActionMask = 2147483647;
			files = (
			);
			runOnlyForDeploymentPostprocessing = 0;
		};
/* End PBXFrameworksBuildPhase section */

/* Begin PBXGroup section */
		816A177E26DE4550002302B6 /* Screenshots */ = {
			isa = PBXGroup;
			children = (
				816A177F26DE456D002302B6 /* screen1.png */,
				816A178026DE456D002302B6 /* screen2.png */,
				816A178126DE456E002302B6 /* vid1.gif */,
			);
			path = Screenshots;
			sourceTree = "<group>";
		};
		81ABA38F26CE714D0016EC1D = {
			isa = PBXGroup;
			children = (
				816A177E26DE4550002302B6 /* Screenshots */,
				816A177C26DE43B1002302B6 /* README.md */,
				81ABA39A26CE714D0016EC1D /* vidstretcher */,
				81ABA39926CE714D0016EC1D /* Products */,
			);
			sourceTree = "<group>";
		};
		81ABA39926CE714D0016EC1D /* Products */ = {
			isa = PBXGroup;
			children = (
				81ABA39826CE714D0016EC1D /* vidstretcher.app */,
			);
			name = Products;
			sourceTree = "<group>";
		};
		81ABA39A26CE714D0016EC1D /* vidstretcher */ = {
			isa = PBXGroup;
			children = (
				8113C9BB26DE284300FB004A /* background.jpg */,
				81ABA39B26CE714D0016EC1D /* AppDelegate.swift */,
				81ABA39D26CE714D0016EC1D /* SceneDelegate.swift */,
				81ABA39F26CE714D0016EC1D /* ViewController.swift */,
				81ABA3A126CE714D0016EC1D /* Main.storyboard */,
				81ABA3AF26CE71FC0016EC1D /* VideoHelper.swift */,
				81ABA3A426CE71500016EC1D /* Assets.xcassets */,
				81ABA3A626CE71500016EC1D /* LaunchScreen.storyboard */,
				81ABA3A926CE71500016EC1D /* Info.plist */,
			);
			path = vidstretcher;
			sourceTree = "<group>";
		};
/* End PBXGroup section */

/* Begin PBXNativeTarget section */
		81ABA39726CE714D0016EC1D /* vidstretcher */ = {
			isa = PBXNativeTarget;
			buildConfigurationList = 81ABA3AC26CE71500016EC1D /* Build configuration list for PBXNativeTarget "vidstretcher" */;
			buildPhases = (
				81ABA39426CE714D0016EC1D /* Sources */,
				81ABA39526CE714D0016EC1D /* Frameworks */,
				81ABA39626CE714D0016EC1D /* Resources */,
			);
			buildRules = (
			);
			dependencies = (
			);
			name = vidstretcher;
			productName = retimer;
			productReference = 81ABA39826CE714D0016EC1D /* vidstretcher.app */;
			productType = "com.apple.product-type.application";
		};
/* End PBXNativeTarget section */

/* Begin PBXProject section */
		81ABA39026CE714D0016EC1D /* Project object */ = {
			isa = PBXProject;
			attributes = {
				LastSwiftUpdateCheck = 1250;
				LastUpgradeCheck = 1250;
				TargetAttributes = {
					81ABA39726CE714D0016EC1D = {
						CreatedOnToolsVersion = 12.5.1;
					};
				};
			};
			buildConfigurationList = 81ABA39326CE714D0016EC1D /* Build configuration list for PBXProject "vidstretcher" */;
			compatibilityVersion = "Xcode 9.3";
			developmentRegion = en;
			hasScannedForEncodings = 0;
			knownRegions = (
				en,
				Base,
			);
			mainGroup = 81ABA38F26CE714D0016EC1D;
			productRefGroup = 81ABA39926CE714D0016EC1D /* Products */;
			projectDirPath = "";
			projectRoot = "";
			targets = (
				81ABA39726CE714D0016EC1D /* vidstretcher */,
			);
		};
/* End PBXProject section */

/* Begin PBXResourcesBuildPhase section */
		81ABA39626CE714D0016EC1D /* Resources */ = {
			isa = PBXResourcesBuildPhase;
			buildActionMask = 2147483647;
			files = (
				816A178426DE456E002302B6 /* vid1.gif in Resources */,
				81ABA3A826CE71500016EC1D /* LaunchScreen.storyboard in Resources */,
				816A178226DE456E002302B6 /* screen1.png in Resources */,
				8113C9BC26DE284300FB004A /* background.jpg in Resources */,
				816A177D26DE43B1002302B6 /* README.md in Resources */,
				816A178326DE456E002302B6 /* screen2.png in Resources */,
				81ABA3A526CE71500016EC1D /* Assets.xcassets in Resources */,
				81ABA3A326CE714D0016EC1D /* Main.storyboard in Resources */,
			);
			runOnlyForDeploymentPostprocessing = 0;
		};
/* End PBXResourcesBuildPhase section */

/* Begin PBXSourcesBuildPhase section */
		81ABA39426CE714D0016EC1D /* Sources */ = {
			isa = PBXSourcesBuildPhase;
			buildActionMask = 2147483647;
			files = (
				81ABA3A026CE714D0016EC1D /* ViewController.swift in Sources */,
				81ABA39C26CE714D0016EC1D /* AppDelegate.swift in Sources */,
				81ABA39E26CE714D0016EC1D /* SceneDelegate.swift in Sources */,
				81ABA3B026CE71FC0016EC1D /* VideoHelper.swift in Sources */,
			);
			runOnlyForDeploymentPostprocessing = 0;
		};
/* End PBXSourcesBuildPhase section */

/* Begin PBXVariantGroup section */
		81ABA3A126CE714D0016EC1D /* Main.storyboard */ = {
			isa = PBXVariantGroup;
			children = (
				81ABA3A226CE714D0016EC1D /* Base */,
			);
			name = Main.storyboard;
			sourceTree = "<group>";
		};
		81ABA3A626CE71500016EC1D /* LaunchScreen.storyboard */ = {
			isa = PBXVariantGroup;
			children = (
				81ABA3A726CE71500016EC1D /* Base */,
			);
			name = LaunchScreen.storyboard;
			sourceTree = "<group>";
		};
/* End PBXVariantGroup section */

/* Begin XCBuildConfiguration section */
		81ABA3AA26CE71500016EC1D /* Debug */ = {
			isa = XCBuildConfiguration;
			buildSettings = {
				ALWAYS_SEARCH_USER_PATHS = NO;
				CLANG_ANALYZER_NONNULL = YES;
				CLANG_ANALYZER_NUMBER_OBJECT_CONVERSION = YES_AGGRESSIVE;
				CLANG_CXX_LANGUAGE_STANDARD = "gnu++14";
				CLANG_CXX_LIBRARY = "libc++";
				CLANG_ENABLE_MODULES = YES;
				CLANG_ENABLE_OBJC_ARC = YES;
				CLANG_ENABLE_OBJC_WEAK = YES;
				CLANG_WARN_BLOCK_CAPTURE_AUTORELEASING = YES;
				CLANG_WARN_BOOL_CONVERSION = YES;
				CLANG_WARN_COMMA = YES;
				CLANG_WARN_CONSTANT_CONVERSION = YES;
				CLANG_WARN_DEPRECATED_OBJC_IMPLEMENTATIONS = YES;
				CLANG_WARN_DIRECT_OBJC_ISA_USAGE = YES_ERROR;
				CLANG_WARN_DOCUMENTATION_COMMENTS = YES;
				CLANG_WARN_EMPTY_BODY = YES;
				CLANG_WARN_ENUM_CONVERSION = YES;
				CLANG_WARN_INFINITE_RECURSION = YES;
				CLANG_WARN_INT_CONVERSION = YES;
				CLANG_WARN_NON_LITERAL_NULL_CONVERSION = YES;
				CLANG_WARN_OBJC_IMPLICIT_RETAIN_SELF = YES;
				CLANG_WARN_OBJC_LITERAL_CONVERSION = YES;
				CLANG_WARN_OBJC_ROOT_CLASS = YES_ERROR;
				CLANG_WARN_QUOTED_INCLUDE_IN_FRAMEWORK_HEADER = YES;
				CLANG_WARN_RANGE_LOOP_ANALYSIS = YES;
				CLANG_WARN_STRICT_PROTOTYPES = YES;
				CLANG_WARN_SUSPICIOUS_MOVE = YES;
				CLANG_WARN_UNGUARDED_AVAILABILITY = YES_AGGRESSIVE;
				CLANG_WARN_UNREACHABLE_CODE = YES;
				CLANG_WARN__DUPLICATE_METHOD_MATCH = YES;
				COPY_PHASE_STRIP = NO;
				DEBUG_INFORMATION_FORMAT = dwarf;
				ENABLE_STRICT_OBJC_MSGSEND = YES;
				ENABLE_TESTABILITY = YES;
				GCC_C_LANGUAGE_STANDARD = gnu11;
				GCC_DYNAMIC_NO_PIC = NO;
				GCC_NO_COMMON_BLOCKS = YES;
				GCC_OPTIMIZATION_LEVEL = 0;
				GCC_PREPROCESSOR_DEFINITIONS = (
					"DEBUG=1",
					"$(inherited)",
				);
				GCC_WARN_64_TO_32_BIT_CONVERSION = YES;
				GCC_WARN_ABOUT_RETURN_TYPE = YES_ERROR;
				GCC_WARN_UNDECLARED_SELECTOR = YES;
				GCC_WARN_UNINITIALIZED_AUTOS = YES_AGGRESSIVE;
				GCC_WARN_UNUSED_FUNCTION = YES;
				GCC_WARN_UNUSED_VARIABLE = YES;
				IPHONEOS_DEPLOYMENT_TARGET = 14.5;
				MTL_ENABLE_DEBUG_INFO = INCLUDE_SOURCE;
				MTL_FAST_MATH = YES;
				ONLY_ACTIVE_ARCH = YES;
				SDKROOT = iphoneos;
				SWIFT_ACTIVE_COMPILATION_CONDITIONS = DEBUG;
				SWIFT_OPTIMIZATION_LEVEL = "-Onone";
			};
			name = Debug;
		};
		81ABA3AB26CE71500016EC1D /* Release */ = {
			isa = XCBuildConfiguration;
			buildSettings = {
				ALWAYS_SEARCH_USER_PATHS = NO;
				CLANG_ANALYZER_NONNULL = YES;
				CLANG_ANALYZER_NUMBER_OBJECT_CONVERSION = YES_AGGRESSIVE;
				CLANG_CXX_LANGUAGE_STANDARD = "gnu++14";
				CLANG_CXX_LIBRARY = "libc++";
				CLANG_ENABLE_MODULES = YES;
				CLANG_ENABLE_OBJC_ARC = YES;
				CLANG_ENABLE_OBJC_WEAK = YES;
				CLANG_WARN_BLOCK_CAPTURE_AUTORELEASING = YES;
				CLANG_WARN_BOOL_CONVERSION = YES;
				CLANG_WARN_COMMA = YES;
				CLANG_WARN_CONSTANT_CONVERSION = YES;
				CLANG_WARN_DEPRECATED_OBJC_IMPLEMENTATIONS = YES;
				CLANG_WARN_DIRECT_OBJC_ISA_USAGE = YES_ERROR;
				CLANG_WARN_DOCUMENTATION_COMMENTS = YES;
				CLANG_WARN_EMPTY_BODY = YES;
				CLANG_WARN_ENUM_CONVERSION = YES;
				CLANG_WARN_INFINITE_RECURSION = YES;
				CLANG_WARN_INT_CONVERSION = YES;
				CLANG_WARN_NON_LITERAL_NULL_CONVERSION = YES;
				CLANG_WARN_OBJC_IMPLICIT_RETAIN_SELF = YES;
				CLANG_WARN_OBJC_LITERAL_CONVERSION = YES;
				CLANG_WARN_OBJC_ROOT_CLASS = YES_ERROR;
				CLANG_WARN_QUOTED_INCLUDE_IN_FRAMEWORK_HEADER = YES;
				CLANG_WARN_RANGE_LOOP_ANALYSIS = YES;
				CLANG_WARN_STRICT_PROTOTYPES = YES;
				CLANG_WARN_SUSPICIOUS_MOVE = YES;
				CLANG_WARN_UNGUARDED_AVAILABILITY = YES_AGGRESSIVE;
				CLANG_WARN_UNREACHABLE_CODE = YES;
				CLANG_WARN__DUPLICATE_METHOD_MATCH = YES;
				COPY_PHASE_STRIP = NO;
				DEBUG_INFORMATION_FORMAT = "dwarf-with-dsym";
				ENABLE_NS_ASSERTIONS = NO;
				ENABLE_STRICT_OBJC_MSGSEND = YES;
				GCC_C_LANGUAGE_STANDARD = gnu11;
				GCC_NO_COMMON_BLOCKS = YES;
				GCC_WARN_64_TO_32_BIT_CONVERSION = YES;
				GCC_WARN_ABOUT_RETURN_TYPE = YES_ERROR;
				GCC_WARN_UNDECLARED_SELECTOR = YES;
				GCC_WARN_UNINITIALIZED_AUTOS = YES_AGGRESSIVE;
				GCC_WARN_UNUSED_FUNCTION = YES;
				GCC_WARN_UNUSED_VARIABLE = YES;
				IPHONEOS_DEPLOYMENT_TARGET = 14.5;
				MTL_ENABLE_DEBUG_INFO = NO;
				MTL_FAST_MATH = YES;
				SDKROOT = iphoneos;
				SWIFT_COMPILATION_MODE = wholemodule;
				SWIFT_OPTIMIZATION_LEVEL = "-O";
				VALIDATE_PRODUCT = YES;
			};
			name = Release;
		};
		81ABA3AD26CE71500016EC1D /* Debug */ = {
			isa = XCBuildConfiguration;
			buildSettings = {
				ASSETCATALOG_COMPILER_APPICON_NAME = AppIcon;
				ASSETCATALOG_COMPILER_GLOBAL_ACCENT_COLOR_NAME = AccentColor;
				CODE_SIGN_STYLE = Automatic;
				DEVELOPMENT_TEAM = 638KMSW77V;
				INFOPLIST_FILE = vidstretcher/Info.plist;
				LD_RUNPATH_SEARCH_PATHS = (
					"$(inherited)",
					"@executable_path/Frameworks",
				);
				PRODUCT_BUNDLE_IDENTIFIER = com.grecoluigi.vidstretcher;
				PRODUCT_NAME = "$(TARGET_NAME)";
				SWIFT_VERSION = 5.0;
				TARGETED_DEVICE_FAMILY = "1,2";
			};
			name = Debug;
		};
		81ABA3AE26CE71500016EC1D /* Release */ = {
			isa = XCBuildConfiguration;
			buildSettings = {
				ASSETCATALOG_COMPILER_APPICON_NAME = AppIcon;
				ASSETCATALOG_COMPILER_GLOBAL_ACCENT_COLOR_NAME = AccentColor;
				CODE_SIGN_STYLE = Automatic;
				DEVELOPMENT_TEAM = 638KMSW77V;
				INFOPLIST_FILE = vidstretcher/Info.plist;
				LD_RUNPATH_SEARCH_PATHS = (
					"$(inherited)",
					"@executable_path/Frameworks",
				);
				PRODUCT_BUNDLE_IDENTIFIER = com.grecoluigi.vidstretcher;
				PRODUCT_NAME = "$(TARGET_NAME)";
				SWIFT_VERSION = 5.0;
				TARGETED_DEVICE_FAMILY = "1,2";
			};
			name = Release;
		};
/* End XCBuildConfiguration section */

/* Begin XCConfigurationList section */
		81ABA39326CE714D0016EC1D /* Build configuration list for PBXProject "vidstretcher" */ = {
			isa = XCConfigurationList;
			buildConfigurations = (
				81ABA3AA26CE71500016EC1D /* Debug */,
				81ABA3AB26CE71500016EC1D /* Release */,
			);
			defaultConfigurationIsVisible = 0;
			defaultConfigurationName = Release;
		};
		81ABA3AC26CE71500016EC1D /* Build configuration list for PBXNativeTarget "vidstretcher" */ = {
			isa = XCConfigurationList;
			buildConfigurations = (
				81ABA3AD26CE71500016EC1D /* Debug */,
				81ABA3AE26CE71500016EC1D /* Release */,
			);
			defaultConfigurationIsVisible = 0;
			defaultConfigurationName = Release;
		};
/* End XCConfigurationList section */
	};
	rootObject = 81ABA39026CE714D0016EC1D /* Project object */;
}
